# This file is automatically @generated by Wally.
# It is not intended for manual editing.
registry = "test"

[[package]]
name = "caxseii/lightbeamsystem"
version = "0.1.0"
dependencies = [["cmdr", "evaera/cmdr@1.12.0"], ["component", "sleitnick/component@2.4.8"], ["goodsignal", "stravant/goodsignal@0.2.1"], ["janitor", "howmanysmall/janitor@1.15.7"], ["knit", "sleitnick/knit@1.6.0"], ["log", "sleitnick/log@0.1.1"], ["timer", "sleitnick/timer@1.1.2"], ["topbarplus", "etheroit/topbarplus@1.0.1"], ["zoneplus", "mattschrubb/zoneplus@3.2.0"]]

[[package]]
name = "etheroit/topbarplus"
version = "1.0.1"
dependencies = []

[[package]]
name = "evaera/cmdr"
version = "1.12.0"
dependencies = []

[[package]]
name = "evaera/promise"
version = "4.0.0"
dependencies = []

[[package]]
name = "howmanysmall/janitor"
version = "1.15.7"
dependencies = [["Promise", "evaera/promise@4.0.0"]]

[[package]]
name = "mattschrubb/zoneplus"
version = "3.2.0"
dependencies = []

[[package]]
name = "sleitnick/comm"
version = "1.0.1"
dependencies = [["Option", "sleitnick/option@1.0.5"], ["Promise", "evaera/promise@4.0.0"], ["Signal", "sleitnick/signal@2.0.1"]]

[[package]]
name = "sleitnick/component"
version = "2.4.8"
dependencies = [["Promise", "evaera/promise@4.0.0"], ["Signal", "sleitnick/signal@2.0.1"], ["Symbol", "sleitnick/symbol@2.0.1"], ["Trove", "sleitnick/trove@1.1.0"]]

[[package]]
name = "sleitnick/knit"
version = "1.6.0"
dependencies = [["Comm", "sleitnick/comm@1.0.1"], ["Promise", "evaera/promise@4.0.0"]]

[[package]]
name = "sleitnick/log"
version = "0.1.1"
dependencies = []

[[package]]
name = "sleitnick/option"
version = "1.0.5"
dependencies = []

[[package]]
name = "sleitnick/signal"
version = "1.5.0"
dependencies = []

[[package]]
name = "sleitnick/signal"
version = "2.0.1"
dependencies = []

[[package]]
name = "sleitnick/symbol"
version = "2.0.1"
dependencies = []

[[package]]
name = "sleitnick/timer"
version = "1.1.2"
dependencies = [["Signal", "sleitnick/signal@1.5.0"]]

[[package]]
name = "sleitnick/trove"
version = "1.1.0"
dependencies = []

[[package]]
name = "stravant/goodsignal"
version = "0.2.1"
dependencies = []
